
Microsoft Visual Studio Solution File, Format Version 12.00
# Visual Studio Version 16
VisualStudioVersion = 16.0.30611.23
MinimumVisualStudioVersion = 10.0.40219.1
Project("{FAE04EC0-301F-11D3-BF4B-00C04F79EFBC}") = "OrgChartDotNetFW", "OrgChartDotNetFW\OrgChartDotNetFW.csproj", "{FED2C2D6-2C6B-46FF-BC46-F35DC6308A20}"
EndProject
Global
	GlobalSection(SolutionConfigurationPlatforms) = preSolution
		Debug|Any CPU = Debug|Any CPU
		Release|Any CPU = Release|Any CPU
	EndGlobalSection
	GlobalSection(ProjectConfigurationPlatforms) = postSolution
		{FED2C2D6-2C6B-46FF-BC46-F35DC6308A20}.Debug|Any CPU.ActiveCfg = Debug|Any CPU
		{FED2C2D6-2C6B-46FF-BC46-F35DC6308A20}.Debug|Any CPU.Build.0 = Debug|Any CPU
		{FED2C2D6-2C6B-46FF-BC46-F35DC6308A20}.Release|Any CPU.ActiveCfg = Release|Any CPU
		{FED2C2D6-2C6B-46FF-BC46-F35DC6308A20}.Release|Any CPU.Build.0 = Release|Any CPU
	EndGlobalSection
	GlobalSection(SolutionProperties) = preSolution
		HideSolutionNode = FALSE
	EndGlobalSection
	GlobalSection(ExtensibilityGlobals) = postSolution
		SolutionGuid = {F258107D-6112-4936-B307-39AF923F425F}
	EndGlobalSection
EndGlobal
